#
# This file is autogenerated by pip-compile with Python 3.12
# by the following command:
#
#    pip-compile --extra=dev --output-file=requirements-dev.lock pyproject.toml
#
certifi==2026.4.22
    # via requests
cffi==2.0.0
    # via sounddevice
charset-normalizer==3.4.7
    # via requests
idna==3.13
    # via requests
iniconfig==2.3.0
    # via pytest
librt==0.9.0
    # via mypy
llvmlite==0.43.0
    # via numba
mypy==1.20.2
    # via llm-audiogen-pure-markov (pyproject.toml)
mypy-extensions==1.1.0
    # via mypy
mido==1.3.3
    # via
    #   llm-audiogen-pure-markov (pyproject.toml)
    #   pretty-midi
numba==0.60.0
    # via llm-audiogen-pure-markov (pyproject.toml)
numpy==2.0.2
    # via
    #   llm-audiogen-pure-markov (pyproject.toml)
    #   numba
    #   pretty-midi
    #   scipy
packaging==26.1
    # via
    #   mido
    #   pytest
pathspec==1.0.4
    # via mypy
pluggy==1.6.0
    # via pytest
pretty-midi==0.2.10
    # via llm-audiogen-pure-markov (pyproject.toml)
pycparser==3.0
    # via cffi
pygments==2.20.0
    # via pytest
pytest==9.0.3
    # via llm-audiogen-pure-markov (pyproject.toml)
requests==2.33.1
    # via llm-audiogen-pure-markov (pyproject.toml)
ruff==0.15.11
    # via llm-audiogen-pure-markov (pyproject.toml)
scipy==1.17.1
    # via llm-audiogen-pure-markov (pyproject.toml)
six==1.17.0
    # via pretty-midi
sounddevice==0.5.5
    # via llm-audiogen-pure-markov (pyproject.toml)
typing-extensions==4.15.0
    # via mypy
urllib3==2.6.3
    # via requests
